version = 1
revision = 3
requires-python = ">=3.12"

[[package]]
name = "agent"
version = "0.1.0"
source = { editable = "." }
dependencies = [
    { name = "dotenv" },
]

[package.metadata]
requires-dist = [{ name = "dotenv", specifier = ">=0.9.9" }]

[[package]]
name = "dotenv"
version = "0.9.9"
source = { registry = "https://pypi.org/simple" }
dependencies = [
    { name = "python-dotenv" },
]
wheels = [
    { url = "https://files.pythonhosted.org/packages/b2/b7/545d2c10c1fc15e48653c91efde329a790f2eecfbbf2bd16003b5db2bab0/dotenv-0.9.9-py2.py3-none-any.whl", hash = "sha256:29cf74a087b31dafdb5a446b6d7e11cbce8ed2741540e2339c69fbef92c94ce9", size = 1892, upload-time = "2025-02-19T22:15:01.647Z" },
]

[[package]]
name = "python-dotenv"
version = "1.2.4"
source = { registry = "https://pypi.org/simple" }
sdist = { url = "https://files.pythonhosted.org/packages/74/26/2fbeedb218a787a5eea551c7532cac4e009f83d689dd2faa0d0353473f86/python_dotenv-1.2.4.tar.gz", hash = "sha256:f0d53e69935a851c0dcc78f3ab7aaccd8cabef0b92382b576b824212902873c0", size = 60824, upload-time = "2026-10-01T05:36:10Z" }
wheels = [
    { url = "https://files.pythonhosted.org/packages/60/d1/38f3a3405989a89ac18390803e70c6ad7c7760da4f9b83cbeca0c44a0c72/python_dotenv-1.2.4-py3-none-any.whl", hash = "sha256:42269a8a5b3fd54ffa6f3d84b18abed50064717576b4ecf03dc4a55d8aa04fdc", size = 23266, upload-time = "2026-10-01T05:36:08.633Z" },
]
